// !$*UTF8*$!
{
	archiveVersion = 1;
	classes = {
	};
	objectVersion = 48;
	objects = {

/* Begin PBXBuildFile section */
		1714A9F6201E23E0009A4436 /* Profile.storyboard in Resources */ = {isa = PBXBuildFile; fileRef = 1714A9F5201E23E0009A4436 /* Profile.storyboard */; };
		171D29D620A411BF0027ADED /* Errors.swift in Sources */ = {isa = PBXBuildFile; fileRef = 171D29D520A411BF0027ADED /* Errors.swift */; };
		1758430220A35BD70052B30D /* LogInViewModel.swift in Sources */ = {isa = PBXBuildFile; fileRef = 1758430120A35BD70052B30D /* LogInViewModel.swift */; };
		178DF47020A56D72004C1329 /* CheckInViewModel.swift in Sources */ = {isa = PBXBuildFile; fileRef = 178DF46F20A56D72004C1329 /* CheckInViewModel.swift */; };
		178ED3512089BF5D003BAE76 /* UIViewControllerExtension.swift in Sources */ = {isa = PBXBuildFile; fileRef = 178ED3502089BF5D003BAE76 /* UIViewControllerExtension.swift */; };
		17CBF4DD20A7280200D63E3B /* ContainerViewControllerOfAuthorizedUserViewModel.swift in Sources */ = {isa = PBXBuildFile; fileRef = 17CBF4DC20A7280200D63E3B /* ContainerViewControllerOfAuthorizedUserViewModel.swift */; };
		17CBF4DF20A75F9400D63E3B /* SideMenuViewModel.swift in Sources */ = {isa = PBXBuildFile; fileRef = 17CBF4DE20A75F9400D63E3B /* SideMenuViewModel.swift */; };
		17CBF4E120A7600B00D63E3B /* MainTabBarControllerOfAuthorizedUserViewModel.swift in Sources */ = {isa = PBXBuildFile; fileRef = 17CBF4E020A7600B00D63E3B /* MainTabBarControllerOfAuthorizedUserViewModel.swift */; };
		17D3547A2084A91400C17B32 /* ClientsNetworkService.swift in Sources */ = {isa = PBXBuildFile; fileRef = 17D354792084A91400C17B32 /* ClientsNetworkService.swift */; };
		17D45E1120A592B90049148D /* UserViewModel.swift in Sources */ = {isa = PBXBuildFile; fileRef = 17D45E1020A592B90049148D /* UserViewModel.swift */; };
		17E08BB0202026DC00947053 /* EditNameViewController.swift in Sources */ = {isa = PBXBuildFile; fileRef = 17E08BAF202026DC00947053 /* EditNameViewController.swift */; };
		17E08BB22020271400947053 /* EditSurnameViewController.swift in Sources */ = {isa = PBXBuildFile; fileRef = 17E08BB12020271400947053 /* EditSurnameViewController.swift */; };
		17E08BB42020274B00947053 /* EditPatronymicViewController.swift in Sources */ = {isa = PBXBuildFile; fileRef = 17E08BB32020274B00947053 /* EditPatronymicViewController.swift */; };
		17E08BB62020278200947053 /* EditPhoneNumberViewController.swift in Sources */ = {isa = PBXBuildFile; fileRef = 17E08BB52020278200947053 /* EditPhoneNumberViewController.swift */; };
		17E08BB8202027BB00947053 /* EditEmailViewController.swift in Sources */ = {isa = PBXBuildFile; fileRef = 17E08BB7202027BB00947053 /* EditEmailViewController.swift */; };
		17F3801D201F6896003F1C59 /* EditPasswordViewController.swift in Sources */ = {isa = PBXBuildFile; fileRef = 17F3801C201F6896003F1C59 /* EditPasswordViewController.swift */; };
		17F3801F201F6A72003F1C59 /* ConfirmPasswordViewController.swift in Sources */ = {isa = PBXBuildFile; fileRef = 17F3801E201F6A72003F1C59 /* ConfirmPasswordViewController.swift */; };
		783DEE002018197A00554378 /* User.swift in Sources */ = {isa = PBXBuildFile; fileRef = 783DEDFF2018197A00554378 /* User.swift */; };
		784896DC200A966D005626BB /* AppDelegate.swift in Sources */ = {isa = PBXBuildFile; fileRef = 784896DB200A966D005626BB /* AppDelegate.swift */; };
		784896E1200A966D005626BB /* UnuthorizedUser.storyboard in Resources */ = {isa = PBXBuildFile; fileRef = 784896DF200A966D005626BB /* UnuthorizedUser.storyboard */; };
		784896E3200A966D005626BB /* Assets.xcassets in Resources */ = {isa = PBXBuildFile; fileRef = 784896E2200A966D005626BB /* Assets.xcassets */; };
		784896E6200A966D005626BB /* LaunchScreen.storyboard in Resources */ = {isa = PBXBuildFile; fileRef = 784896E4200A966D005626BB /* LaunchScreen.storyboard */; };
		786E52512018B5AA00BE681F /* SideMenuViewController.swift in Sources */ = {isa = PBXBuildFile; fileRef = 786E52502018B5AA00BE681F /* SideMenuViewController.swift */; };
		786E52532018BD3900BE681F /* MainTabBarControllerOfAuthorizedUser.swift in Sources */ = {isa = PBXBuildFile; fileRef = 786E52522018BD3900BE681F /* MainTabBarControllerOfAuthorizedUser.swift */; };
		78BD1A3E2018B0F3002843CC /* ContainerViewControllerOfAuthorizedUser.swift in Sources */ = {isa = PBXBuildFile; fileRef = 78BD1A3D2018B0F3002843CC /* ContainerViewControllerOfAuthorizedUser.swift */; };
		78EBAC49200E9E8900297D86 /* CheckInViewController.swift in Sources */ = {isa = PBXBuildFile; fileRef = 78EBAC48200E9E8900297D86 /* CheckInViewController.swift */; };
		78EBAC4B200E9EE000297D86 /* LogInViewController.swift in Sources */ = {isa = PBXBuildFile; fileRef = 78EBAC4A200E9EE000297D86 /* LogInViewController.swift */; };
		78F6D3002016049E001EA4DB /* AuthorizedUser.storyboard in Resources */ = {isa = PBXBuildFile; fileRef = 78F6D2FF2016049E001EA4DB /* AuthorizedUser.storyboard */; };
		EC9EB6F53ABCF2CC0B6A892A /* Pods_IOS_Client_Application.framework in Frameworks */ = {isa = PBXBuildFile; fileRef = 5B7287907FEA40860E33032E /* Pods_IOS_Client_Application.framework */; };
/* End PBXBuildFile section */

/* Begin PBXFileReference section */
		1714A9F5201E23E0009A4436 /* Profile.storyboard */ = {isa = PBXFileReference; lastKnownFileType = file.storyboard; path = Profile.storyboard; sourceTree = "<group>"; };
		171D29D520A411BF0027ADED /* Errors.swift */ = {isa = PBXFileReference; lastKnownFileType = sourcecode.swift; path = Errors.swift; sourceTree = "<group>"; };
		1758430120A35BD70052B30D /* LogInViewModel.swift */ = {isa = PBXFileReference; lastKnownFileType = sourcecode.swift; path = LogInViewModel.swift; sourceTree = "<group>"; };
		178DF46F20A56D72004C1329 /* CheckInViewModel.swift */ = {isa = PBXFileReference; lastKnownFileType = sourcecode.swift; path = CheckInViewModel.swift; sourceTree = "<group>"; };
		178ED3502089BF5D003BAE76 /* UIViewControllerExtension.swift */ = {isa = PBXFileReference; lastKnownFileType = sourcecode.swift; path = UIViewControllerExtension.swift; sourceTree = "<group>"; };
		17CBF4DC20A7280200D63E3B /* ContainerViewControllerOfAuthorizedUserViewModel.swift */ = {isa = PBXFileReference; lastKnownFileType = sourcecode.swift; path = ContainerViewControllerOfAuthorizedUserViewModel.swift; sourceTree = "<group>"; };
		17CBF4DE20A75F9400D63E3B /* SideMenuViewModel.swift */ = {isa = PBXFileReference; lastKnownFileType = sourcecode.swift; path = SideMenuViewModel.swift; sourceTree = "<group>"; };
		17CBF4E020A7600B00D63E3B /* MainTabBarControllerOfAuthorizedUserViewModel.swift */ = {isa = PBXFileReference; lastKnownFileType = sourcecode.swift; path = MainTabBarControllerOfAuthorizedUserViewModel.swift; sourceTree = "<group>"; };
		17D354792084A91400C17B32 /* ClientsNetworkService.swift */ = {isa = PBXFileReference; lastKnownFileType = sourcecode.swift; path = ClientsNetworkService.swift; sourceTree = "<group>"; };
		17D45E1020A592B90049148D /* UserViewModel.swift */ = {isa = PBXFileReference; lastKnownFileType = sourcecode.swift; path = UserViewModel.swift; sourceTree = "<group>"; };
		17E08BAF202026DC00947053 /* EditNameViewController.swift */ = {isa = PBXFileReference; lastKnownFileType = sourcecode.swift; path = EditNameViewController.swift; sourceTree = "<group>"; };
		17E08BB12020271400947053 /* EditSurnameViewController.swift */ = {isa = PBXFileReference; lastKnownFileType = sourcecode.swift; path = EditSurnameViewController.swift; sourceTree = "<group>"; };
		17E08BB32020274B00947053 /* EditPatronymicViewController.swift */ = {isa = PBXFileReference; lastKnownFileType = sourcecode.swift; path = EditPatronymicViewController.swift; sourceTree = "<group>"; };
		17E08BB52020278200947053 /* EditPhoneNumberViewController.swift */ = {isa = PBXFileReference; lastKnownFileType = sourcecode.swift; path = EditPhoneNumberViewController.swift; sourceTree = "<group>"; };
		17E08BB7202027BB00947053 /* EditEmailViewController.swift */ = {isa = PBXFileReference; lastKnownFileType = sourcecode.swift; path = EditEmailViewController.swift; sourceTree = "<group>"; };
		17F3801C201F6896003F1C59 /* EditPasswordViewController.swift */ = {isa = PBXFileReference; lastKnownFileType = sourcecode.swift; path = EditPasswordViewController.swift; sourceTree = "<group>"; };
		17F3801E201F6A72003F1C59 /* ConfirmPasswordViewController.swift */ = {isa = PBXFileReference; lastKnownFileType = sourcecode.swift; path = ConfirmPasswordViewController.swift; sourceTree = "<group>"; };
		5B7287907FEA40860E33032E /* Pods_IOS_Client_Application.framework */ = {isa = PBXFileReference; explicitFileType = wrapper.framework; includeInIndex = 0; path = Pods_IOS_Client_Application.framework; sourceTree = BUILT_PRODUCTS_DIR; };
		723E6453F82BED61ADDF8E5D /* Pods-IOS-Client-Application.release.xcconfig */ = {isa = PBXFileReference; includeInIndex = 1; lastKnownFileType = text.xcconfig; name = "Pods-IOS-Client-Application.release.xcconfig"; path = "Pods/Target Support Files/Pods-IOS-Client-Application/Pods-IOS-Client-Application.release.xcconfig"; sourceTree = "<group>"; };
		783DEDFF2018197A00554378 /* User.swift */ = {isa = PBXFileReference; lastKnownFileType = sourcecode.swift; path = User.swift; sourceTree = "<group>"; };
		784896D8200A966D005626BB /* IOS-Client-Application.app */ = {isa = PBXFileReference; explicitFileType = wrapper.application; includeInIndex = 0; path = "IOS-Client-Application.app"; sourceTree = BUILT_PRODUCTS_DIR; };
		784896DB200A966D005626BB /* AppDelegate.swift */ = {isa = PBXFileReference; lastKnownFileType = sourcecode.swift; path = AppDelegate.swift; sourceTree = "<group>"; };
		784896E0200A966D005626BB /* Base */ = {isa = PBXFileReference; lastKnownFileType = file.storyboard; name = Base; path = Base.lproj/UnuthorizedUser.storyboard; sourceTree = "<group>"; };
		784896E2200A966D005626BB /* Assets.xcassets */ = {isa = PBXFileReference; lastKnownFileType = folder.assetcatalog; path = Assets.xcassets; sourceTree = "<group>"; };
		784896E5200A966D005626BB /* Base */ = {isa = PBXFileReference; lastKnownFileType = file.storyboard; name = Base; path = Base.lproj/LaunchScreen.storyboard; sourceTree = "<group>"; };
		784896E7200A966D005626BB /* Info.plist */ = {isa = PBXFileReference; lastKnownFileType = text.plist.xml; path = Info.plist; sourceTree = "<group>"; };
		786E52502018B5AA00BE681F /* SideMenuViewController.swift */ = {isa = PBXFileReference; lastKnownFileType = sourcecode.swift; path = SideMenuViewController.swift; sourceTree = "<group>"; };
		786E52522018BD3900BE681F /* MainTabBarControllerOfAuthorizedUser.swift */ = {isa = PBXFileReference; lastKnownFileType = sourcecode.swift; path = MainTabBarControllerOfAuthorizedUser.swift; sourceTree = "<group>"; };
		78BD1A3D2018B0F3002843CC /* ContainerViewControllerOfAuthorizedUser.swift */ = {isa = PBXFileReference; lastKnownFileType = sourcecode.swift; path = ContainerViewControllerOfAuthorizedUser.swift; sourceTree = "<group>"; };
		78EBAC48200E9E8900297D86 /* CheckInViewController.swift */ = {isa = PBXFileReference; lastKnownFileType = sourcecode.swift; path = CheckInViewController.swift; sourceTree = "<group>"; };
		78EBAC4A200E9EE000297D86 /* LogInViewController.swift */ = {isa = PBXFileReference; lastKnownFileType = sourcecode.swift; path = LogInViewController.swift; sourceTree = "<group>"; };
		78F6D2FF2016049E001EA4DB /* AuthorizedUser.storyboard */ = {isa = PBXFileReference; lastKnownFileType = file.storyboard; path = AuthorizedUser.storyboard; sourceTree = "<group>"; };
		C5AF9F82BB11510F3AB15835 /* Pods-IOS-Client-Application.debug.xcconfig */ = {isa = PBXFileReference; includeInIndex = 1; lastKnownFileType = text.xcconfig; name = "Pods-IOS-Client-Application.debug.xcconfig"; path = "Pods/Target Support Files/Pods-IOS-Client-Application/Pods-IOS-Client-Application.debug.xcconfig"; sourceTree = "<group>"; };
/* End PBXFileReference section */

/* Begin PBXFrameworksBuildPhase section */
		784896D5200A966D005626BB /* Frameworks */ = {
			isa = PBXFrameworksBuildPhase;
			buildActionMask = 2147483647;
			files = (
				EC9EB6F53ABCF2CC0B6A892A /* Pods_IOS_Client_Application.framework in Frameworks */,
			);
			runOnlyForDeploymentPostprocessing = 0;
		};
/* End PBXFrameworksBuildPhase section */

/* Begin PBXGroup section */
		1758430020A35BC10052B30D /* ViewModel */ = {
			isa = PBXGroup;
			children = (
				17CBF4DB20A727D000D63E3B /* AuthorizedUser */,
				17CBF4DA20A727A400D63E3B /* UnuthorizedUser */,
				17D45E1020A592B90049148D /* UserViewModel.swift */,
			);
			path = ViewModel;
			sourceTree = "<group>";
		};
		178ED34F2089BF25003BAE76 /* Extensions */ = {
			isa = PBXGroup;
			children = (
				178ED3502089BF5D003BAE76 /* UIViewControllerExtension.swift */,
			);
			path = Extensions;
			sourceTree = "<group>";
		};
		17CBF4DA20A727A400D63E3B /* UnuthorizedUser */ = {
			isa = PBXGroup;
			children = (
				1758430120A35BD70052B30D /* LogInViewModel.swift */,
				178DF46F20A56D72004C1329 /* CheckInViewModel.swift */,
			);
			path = UnuthorizedUser;
			sourceTree = "<group>";
		};
		17CBF4DB20A727D000D63E3B /* AuthorizedUser */ = {
			isa = PBXGroup;
			children = (
				17CBF4DC20A7280200D63E3B /* ContainerViewControllerOfAuthorizedUserViewModel.swift */,
				17CBF4DE20A75F9400D63E3B /* SideMenuViewModel.swift */,
				17CBF4E020A7600B00D63E3B /* MainTabBarControllerOfAuthorizedUserViewModel.swift */,
			);
			path = AuthorizedUser;
			sourceTree = "<group>";
		};
		17F3801B201F6876003F1C59 /* Profile */ = {
			isa = PBXGroup;
			children = (
				17F3801C201F6896003F1C59 /* EditPasswordViewController.swift */,
				17F3801E201F6A72003F1C59 /* ConfirmPasswordViewController.swift */,
				17E08BAF202026DC00947053 /* EditNameViewController.swift */,
				17E08BB12020271400947053 /* EditSurnameViewController.swift */,
				17E08BB32020274B00947053 /* EditPatronymicViewController.swift */,
				17E08BB52020278200947053 /* EditPhoneNumberViewController.swift */,
				17E08BB7202027BB00947053 /* EditEmailViewController.swift */,
			);
			path = Profile;
			sourceTree = "<group>";
		};
		1FF1F24A3AD85713EABBE2D6 /* Frameworks */ = {
			isa = PBXGroup;
			children = (
				5B7287907FEA40860E33032E /* Pods_IOS_Client_Application.framework */,
			);
			name = Frameworks;
			sourceTree = "<group>";
		};
		783DEDFD2018187700554378 /* UnuthorizedUser */ = {
			isa = PBXGroup;
			children = (
				78EBAC48200E9E8900297D86 /* CheckInViewController.swift */,
				78EBAC4A200E9EE000297D86 /* LogInViewController.swift */,
			);
			path = UnuthorizedUser;
			sourceTree = "<group>";
		};
		783DEDFE2018188100554378 /* AuthorizedUser */ = {
			isa = PBXGroup;
			children = (
				78BD1A3D2018B0F3002843CC /* ContainerViewControllerOfAuthorizedUser.swift */,
				786E52502018B5AA00BE681F /* SideMenuViewController.swift */,
				786E52522018BD3900BE681F /* MainTabBarControllerOfAuthorizedUser.swift */,
			);
			path = AuthorizedUser;
			sourceTree = "<group>";
		};
		784896CF200A966C005626BB = {
			isa = PBXGroup;
			children = (
				784896DA200A966D005626BB /* IOS-Client-Application */,
				784896D9200A966D005626BB /* Products */,
				AE6578FDAF35B5340234873F /* Pods */,
				1FF1F24A3AD85713EABBE2D6 /* Frameworks */,
			);
			sourceTree = "<group>";
		};
		784896D9200A966D005626BB /* Products */ = {
			isa = PBXGroup;
			children = (
				784896D8200A966D005626BB /* IOS-Client-Application.app */,
			);
			name = Products;
			sourceTree = "<group>";
		};
		784896DA200A966D005626BB /* IOS-Client-Application */ = {
			isa = PBXGroup;
			children = (
				784896DB200A966D005626BB /* AppDelegate.swift */,
				78F6D2FC2016037B001EA4DB /* Storyboard */,
				78EBAC43200E9CA300297D86 /* Controller */,
				1758430020A35BC10052B30D /* ViewModel */,
				78EBAC42200E9C6A00297D86 /* Model */,
				784896E2200A966D005626BB /* Assets.xcassets */,
				784896E4200A966D005626BB /* LaunchScreen.storyboard */,
				784896E7200A966D005626BB /* Info.plist */,
			);
			path = "IOS-Client-Application";
			sourceTree = "<group>";
		};
		78EBAC42200E9C6A00297D86 /* Model */ = {
			isa = PBXGroup;
			children = (
				783DEDFF2018197A00554378 /* User.swift */,
				17D354792084A91400C17B32 /* ClientsNetworkService.swift */,
				171D29D520A411BF0027ADED /* Errors.swift */,
			);
			path = Model;
			sourceTree = "<group>";
		};
		78EBAC43200E9CA300297D86 /* Controller */ = {
			isa = PBXGroup;
			children = (
				178ED34F2089BF25003BAE76 /* Extensions */,
				17F3801B201F6876003F1C59 /* Profile */,
				783DEDFE2018188100554378 /* AuthorizedUser */,
				783DEDFD2018187700554378 /* UnuthorizedUser */,
			);
			path = Controller;
			sourceTree = "<group>";
		};
		78F6D2FC2016037B001EA4DB /* Storyboard */ = {
			isa = PBXGroup;
			children = (
				784896DF200A966D005626BB /* UnuthorizedUser.storyboard */,
				78F6D2FF2016049E001EA4DB /* AuthorizedUser.storyboard */,
				1714A9F5201E23E0009A4436 /* Profile.storyboard */,
			);
			path = Storyboard;
			sourceTree = "<group>";
		};
		AE6578FDAF35B5340234873F /* Pods */ = {
			isa = PBXGroup;
			children = (
				C5AF9F82BB11510F3AB15835 /* Pods-IOS-Client-Application.debug.xcconfig */,
				723E6453F82BED61ADDF8E5D /* Pods-IOS-Client-Application.release.xcconfig */,
			);
			name = Pods;
			sourceTree = "<group>";
		};
/* End PBXGroup section */

/* Begin PBXNativeTarget section */
		784896D7200A966D005626BB /* IOS-Client-Application */ = {
			isa = PBXNativeTarget;
			buildConfigurationList = 784896EA200A966D005626BB /* Build configuration list for PBXNativeTarget "IOS-Client-Application" */;
			buildPhases = (
				39D6EF39FCBC58A168218E3D /* [CP] Check Pods Manifest.lock */,
				784896D4200A966D005626BB /* Sources */,
				784896D5200A966D005626BB /* Frameworks */,
				784896D6200A966D005626BB /* Resources */,
				5C97B3075155643BFC8A448F /* [CP] Embed Pods Frameworks */,
				0E219C9B34DAEC53810419FF /* [CP] Copy Pods Resources */,
			);
			buildRules = (
			);
			dependencies = (
			);
			name = "IOS-Client-Application";
			productName = "IOS-Client-Application";
			productReference = 784896D8200A966D005626BB /* IOS-Client-Application.app */;
			productType = "com.apple.product-type.application";
		};
/* End PBXNativeTarget section */

/* Begin PBXProject section */
		784896D0200A966C005626BB /* Project object */ = {
			isa = PBXProject;
			attributes = {
				LastSwiftUpdateCheck = 0920;
				LastUpgradeCheck = 0920;
				ORGANIZATIONNAME = "Игорь Коршунов";
				TargetAttributes = {
					784896D7200A966D005626BB = {
						CreatedOnToolsVersion = 9.2;
						ProvisioningStyle = Automatic;
					};
				};
			};
			buildConfigurationList = 784896D3200A966D005626BB /* Build configuration list for PBXProject "IOS-Client-Application" */;
			compatibilityVersion = "Xcode 8.0";
			developmentRegion = en;
			hasScannedForEncodings = 0;
			knownRegions = (
				en,
				Base,
			);
			mainGroup = 784896CF200A966C005626BB;
			productRefGroup = 784896D9200A966D005626BB /* Products */;
			projectDirPath = "";
			projectRoot = "";
			targets = (
				784896D7200A966D005626BB /* IOS-Client-Application */,
			);
		};
/* End PBXProject section */

/* Begin PBXResourcesBuildPhase section */
		784896D6200A966D005626BB /* Resources */ = {
			isa = PBXResourcesBuildPhase;
			buildActionMask = 2147483647;
			files = (
				784896E6200A966D005626BB /* LaunchScreen.storyboard in Resources */,
				78F6D3002016049E001EA4DB /* AuthorizedUser.storyboard in Resources */,
				1714A9F6201E23E0009A4436 /* Profile.storyboard in Resources */,
				784896E3200A966D005626BB /* Assets.xcassets in Resources */,
				784896E1200A966D005626BB /* UnuthorizedUser.storyboard in Resources */,
			);
			runOnlyForDeploymentPostprocessing = 0;
		};
/* End PBXResourcesBuildPhase section */

/* Begin PBXShellScriptBuildPhase section */
		0E219C9B34DAEC53810419FF /* [CP] Copy Pods Resources */ = {
			isa = PBXShellScriptBuildPhase;
			buildActionMask = 2147483647;
			files = (
			);
			inputPaths = (
			);
			name = "[CP] Copy Pods Resources";
			outputPaths = (
			);
			runOnlyForDeploymentPostprocessing = 0;
			shellPath = /bin/sh;
			shellScript = "\"${SRCROOT}/Pods/Target Support Files/Pods-IOS-Client-Application/Pods-IOS-Client-Application-resources.sh\"\n";
			showEnvVarsInLog = 0;
		};
		39D6EF39FCBC58A168218E3D /* [CP] Check Pods Manifest.lock */ = {
			isa = PBXShellScriptBuildPhase;
			buildActionMask = 2147483647;
			files = (
			);
			inputPaths = (
				"${PODS_PODFILE_DIR_PATH}/Podfile.lock",
				"${PODS_ROOT}/Manifest.lock",
			);
			name = "[CP] Check Pods Manifest.lock";
			outputPaths = (
				"$(DERIVED_FILE_DIR)/Pods-IOS-Client-Application-checkManifestLockResult.txt",
			);
			runOnlyForDeploymentPostprocessing = 0;
			shellPath = /bin/sh;
			shellScript = "diff \"${PODS_PODFILE_DIR_PATH}/Podfile.lock\" \"${PODS_ROOT}/Manifest.lock\" > /dev/null\nif [ $? != 0 ] ; then\n    # print error to STDERR\n    echo \"error: The sandbox is not in sync with the Podfile.lock. Run 'pod install' or update your CocoaPods installation.\" >&2\n    exit 1\nfi\n# This output is used by Xcode 'outputs' to avoid re-running this script phase.\necho \"SUCCESS\" > \"${SCRIPT_OUTPUT_FILE_0}\"\n";
			showEnvVarsInLog = 0;
		};
		5C97B3075155643BFC8A448F /* [CP] Embed Pods Frameworks */ = {
			isa = PBXShellScriptBuildPhase;
			buildActionMask = 2147483647;
			files = (
			);
			inputPaths = (
				"${SRCROOT}/Pods/Target Support Files/Pods-IOS-Client-Application/Pods-IOS-Client-Application-frameworks.sh",
				"${BUILT_PRODUCTS_DIR}/Alamofire/Alamofire.framework",
				"${BUILT_PRODUCTS_DIR}/IQKeyboardManagerSwift/IQKeyboardManagerSwift.framework",
				"${BUILT_PRODUCTS_DIR}/Moya/Moya.framework",
				"${BUILT_PRODUCTS_DIR}/Result/Result.framework",
				"${BUILT_PRODUCTS_DIR}/RxCocoa/RxCocoa.framework",
				"${BUILT_PRODUCTS_DIR}/RxSwift/RxSwift.framework",
				"${BUILT_PRODUCTS_DIR}/Validator/Validator.framework",
			);
			name = "[CP] Embed Pods Frameworks";
			outputPaths = (
				"${TARGET_BUILD_DIR}/${FRAMEWORKS_FOLDER_PATH}/Alamofire.framework",
				"${TARGET_BUILD_DIR}/${FRAMEWORKS_FOLDER_PATH}/IQKeyboardManagerSwift.framework",
				"${TARGET_BUILD_DIR}/${FRAMEWORKS_FOLDER_PATH}/Moya.framework",
				"${TARGET_BUILD_DIR}/${FRAMEWORKS_FOLDER_PATH}/Result.framework",
				"${TARGET_BUILD_DIR}/${FRAMEWORKS_FOLDER_PATH}/RxCocoa.framework",
				"${TARGET_BUILD_DIR}/${FRAMEWORKS_FOLDER_PATH}/RxSwift.framework",
				"${TARGET_BUILD_DIR}/${FRAMEWORKS_FOLDER_PATH}/Validator.framework",
			);
			runOnlyForDeploymentPostprocessing = 0;
			shellPath = /bin/sh;
			shellScript = "\"${SRCROOT}/Pods/Target Support Files/Pods-IOS-Client-Application/Pods-IOS-Client-Application-frameworks.sh\"\n";
			showEnvVarsInLog = 0;
		};
/* End PBXShellScriptBuildPhase section */

/* Begin PBXSourcesBuildPhase section */
		784896D4200A966D005626BB /* Sources */ = {
			isa = PBXSourcesBuildPhase;
			buildActionMask = 2147483647;
			files = (
				17E08BB42020274B00947053 /* EditPatronymicViewController.swift in Sources */,
				17D3547A2084A91400C17B32 /* ClientsNetworkService.swift in Sources */,
				78EBAC4B200E9EE000297D86 /* LogInViewController.swift in Sources */,
				178DF47020A56D72004C1329 /* CheckInViewModel.swift in Sources */,
				17CBF4DF20A75F9400D63E3B /* SideMenuViewModel.swift in Sources */,
				17E08BB22020271400947053 /* EditSurnameViewController.swift in Sources */,
				178ED3512089BF5D003BAE76 /* UIViewControllerExtension.swift in Sources */,
				786E52532018BD3900BE681F /* MainTabBarControllerOfAuthorizedUser.swift in Sources */,
				171D29D620A411BF0027ADED /* Errors.swift in Sources */,
				78EBAC49200E9E8900297D86 /* CheckInViewController.swift in Sources */,
				17E08BB8202027BB00947053 /* EditEmailViewController.swift in Sources */,
				17CBF4DD20A7280200D63E3B /* ContainerViewControllerOfAuthorizedUserViewModel.swift in Sources */,
				783DEE002018197A00554378 /* User.swift in Sources */,
				17CBF4E120A7600B00D63E3B /* MainTabBarControllerOfAuthorizedUserViewModel.swift in Sources */,
				786E52512018B5AA00BE681F /* SideMenuViewController.swift in Sources */,
				78BD1A3E2018B0F3002843CC /* ContainerViewControllerOfAuthorizedUser.swift in Sources */,
				17D45E1120A592B90049148D /* UserViewModel.swift in Sources */,
				17F3801F201F6A72003F1C59 /* ConfirmPasswordViewController.swift in Sources */,
				17F3801D201F6896003F1C59 /* EditPasswordViewController.swift in Sources */,
				784896DC200A966D005626BB /* AppDelegate.swift in Sources */,
				1758430220A35BD70052B30D /* LogInViewModel.swift in Sources */,
				17E08BB0202026DC00947053 /* EditNameViewController.swift in Sources */,
				17E08BB62020278200947053 /* EditPhoneNumberViewController.swift in Sources */,
			);
			runOnlyForDeploymentPostprocessing = 0;
		};
/* End PBXSourcesBuildPhase section */

/* Begin PBXVariantGroup section */
		784896DF200A966D005626BB /* UnuthorizedUser.storyboard */ = {
			isa = PBXVariantGroup;
			children = (
				784896E0200A966D005626BB /* Base */,
			);
			name = UnuthorizedUser.storyboard;
			sourceTree = "<group>";
		};
		784896E4200A966D005626BB /* LaunchScreen.storyboard */ = {
			isa = PBXVariantGroup;
			children = (
				784896E5200A966D005626BB /* Base */,
			);
			name = LaunchScreen.storyboard;
			sourceTree = "<group>";
		};
/* End PBXVariantGroup section */

/* Begin XCBuildConfiguration section */
		784896E8200A966D005626BB /* Debug */ = {
			isa = XCBuildConfiguration;
			buildSettings = {
				ALWAYS_SEARCH_USER_PATHS = NO;
				CLANG_ANALYZER_NONNULL = YES;
				CLANG_ANALYZER_NUMBER_OBJECT_CONVERSION = YES_AGGRESSIVE;
				CLANG_CXX_LANGUAGE_STANDARD = "gnu++14";
				CLANG_CXX_LIBRARY = "libc++";
				CLANG_ENABLE_MODULES = YES;
				CLANG_ENABLE_OBJC_ARC = YES;
				CLANG_WARN_BLOCK_CAPTURE_AUTORELEASING = YES;
				CLANG_WARN_BOOL_CONVERSION = YES;
				CLANG_WARN_COMMA = YES;
				CLANG_WARN_CONSTANT_CONVERSION = YES;
				CLANG_WARN_DIRECT_OBJC_ISA_USAGE = YES_ERROR;
				CLANG_WARN_DOCUMENTATION_COMMENTS = YES;
				CLANG_WARN_EMPTY_BODY = YES;
				CLANG_WARN_ENUM_CONVERSION = YES;
				CLANG_WARN_INFINITE_RECURSION = YES;
				CLANG_WARN_INT_CONVERSION = YES;
				CLANG_WARN_NON_LITERAL_NULL_CONVERSION = YES;
				CLANG_WARN_OBJC_LITERAL_CONVERSION = YES;
				CLANG_WARN_OBJC_ROOT_CLASS = YES_ERROR;
				CLANG_WARN_RANGE_LOOP_ANALYSIS = YES;
				CLANG_WARN_STRICT_PROTOTYPES = YES;
				CLANG_WARN_SUSPICIOUS_MOVE = YES;
				CLANG_WARN_UNGUARDED_AVAILABILITY = YES_AGGRESSIVE;
				CLANG_WARN_UNREACHABLE_CODE = YES;
				CLANG_WARN__DUPLICATE_METHOD_MATCH = YES;
				CODE_SIGN_IDENTITY = "iPhone Developer";
				COPY_PHASE_STRIP = NO;
				DEBUG_INFORMATION_FORMAT = dwarf;
				ENABLE_STRICT_OBJC_MSGSEND = YES;
				ENABLE_TESTABILITY = YES;
				GCC_C_LANGUAGE_STANDARD = gnu11;
				GCC_DYNAMIC_NO_PIC = NO;
				GCC_NO_COMMON_BLOCKS = YES;
				GCC_OPTIMIZATION_LEVEL = 0;
				GCC_PREPROCESSOR_DEFINITIONS = (
					"DEBUG=1",
					"$(inherited)",
				);
				GCC_WARN_64_TO_32_BIT_CONVERSION = YES;
				GCC_WARN_ABOUT_RETURN_TYPE = YES_ERROR;
				GCC_WARN_UNDECLARED_SELECTOR = YES;
				GCC_WARN_UNINITIALIZED_AUTOS = YES_AGGRESSIVE;
				GCC_WARN_UNUSED_FUNCTION = YES;
				GCC_WARN_UNUSED_VARIABLE = YES;
				IPHONEOS_DEPLOYMENT_TARGET = 11.2;
				MTL_ENABLE_DEBUG_INFO = YES;
				ONLY_ACTIVE_ARCH = YES;
				SDKROOT = iphoneos;
				SWIFT_ACTIVE_COMPILATION_CONDITIONS = DEBUG;
				SWIFT_OPTIMIZATION_LEVEL = "-Onone";
			};
			name = Debug;
		};
		784896E9200A966D005626BB /* Release */ = {
			isa = XCBuildConfiguration;
			buildSettings = {
				ALWAYS_SEARCH_USER_PATHS = NO;
				CLANG_ANALYZER_NONNULL = YES;
				CLANG_ANALYZER_NUMBER_OBJECT_CONVERSION = YES_AGGRESSIVE;
				CLANG_CXX_LANGUAGE_STANDARD = "gnu++14";
				CLANG_CXX_LIBRARY = "libc++";
				CLANG_ENABLE_MODULES = YES;
				CLANG_ENABLE_OBJC_ARC = YES;
				CLANG_WARN_BLOCK_CAPTURE_AUTORELEASING = YES;
				CLANG_WARN_BOOL_CONVERSION = YES;
				CLANG_WARN_COMMA = YES;
				CLANG_WARN_CONSTANT_CONVERSION = YES;
				CLANG_WARN_DIRECT_OBJC_ISA_USAGE = YES_ERROR;
				CLANG_WARN_DOCUMENTATION_COMMENTS = YES;
				CLANG_WARN_EMPTY_BODY = YES;
				CLANG_WARN_ENUM_CONVERSION = YES;
				CLANG_WARN_INFINITE_RECURSION = YES;
				CLANG_WARN_INT_CONVERSION = YES;
				CLANG_WARN_NON_LITERAL_NULL_CONVERSION = YES;
				CLANG_WARN_OBJC_LITERAL_CONVERSION = YES;
				CLANG_WARN_OBJC_ROOT_CLASS = YES_ERROR;
				CLANG_WARN_RANGE_LOOP_ANALYSIS = YES;
				CLANG_WARN_STRICT_PROTOTYPES = YES;
				CLANG_WARN_SUSPICIOUS_MOVE = YES;
				CLANG_WARN_UNGUARDED_AVAILABILITY = YES_AGGRESSIVE;
				CLANG_WARN_UNREACHABLE_CODE = YES;
				CLANG_WARN__DUPLICATE_METHOD_MATCH = YES;
				CODE_SIGN_IDENTITY = "iPhone Developer";
				COPY_PHASE_STRIP = NO;
				DEBUG_INFORMATION_FORMAT = "dwarf-with-dsym";
				ENABLE_NS_ASSERTIONS = NO;
				ENABLE_STRICT_OBJC_MSGSEND = YES;
				GCC_C_LANGUAGE_STANDARD = gnu11;
				GCC_NO_COMMON_BLOCKS = YES;
				GCC_WARN_64_TO_32_BIT_CONVERSION = YES;
				GCC_WARN_ABOUT_RETURN_TYPE = YES_ERROR;
				GCC_WARN_UNDECLARED_SELECTOR = YES;
				GCC_WARN_UNINITIALIZED_AUTOS = YES_AGGRESSIVE;
				GCC_WARN_UNUSED_FUNCTION = YES;
				GCC_WARN_UNUSED_VARIABLE = YES;
				IPHONEOS_DEPLOYMENT_TARGET = 11.2;
				MTL_ENABLE_DEBUG_INFO = NO;
				SDKROOT = iphoneos;
				SWIFT_OPTIMIZATION_LEVEL = "-Owholemodule";
				VALIDATE_PRODUCT = YES;
			};
			name = Release;
		};
		784896EB200A966D005626BB /* Debug */ = {
			isa = XCBuildConfiguration;
			baseConfigurationReference = C5AF9F82BB11510F3AB15835 /* Pods-IOS-Client-Application.debug.xcconfig */;
			buildSettings = {
				ASSETCATALOG_COMPILER_APPICON_NAME = AppIcon;
				CODE_SIGN_STYLE = Automatic;
				DEVELOPMENT_TEAM = 4NT8GVPNZN;
				INFOPLIST_FILE = "IOS-Client-Application/Info.plist";
				IPHONEOS_DEPLOYMENT_TARGET = 11.0;
				LD_RUNPATH_SEARCH_PATHS = "$(inherited) @executable_path/Frameworks";
				PRODUCT_BUNDLE_IDENTIFIER = "KKPCourierService.IOS-Client-Application";
				PRODUCT_NAME = "$(TARGET_NAME)";
				SWIFT_VERSION = 4.0;
				TARGETED_DEVICE_FAMILY = 1;
			};
			name = Debug;
		};
		784896EC200A966D005626BB /* Release */ = {
			isa = XCBuildConfiguration;
			baseConfigurationReference = 723E6453F82BED61ADDF8E5D /* Pods-IOS-Client-Application.release.xcconfig */;
			buildSettings = {
				ASSETCATALOG_COMPILER_APPICON_NAME = AppIcon;
				CODE_SIGN_STYLE = Automatic;
				DEVELOPMENT_TEAM = 4NT8GVPNZN;
				INFOPLIST_FILE = "IOS-Client-Application/Info.plist";
				IPHONEOS_DEPLOYMENT_TARGET = 11.0;
				LD_RUNPATH_SEARCH_PATHS = "$(inherited) @executable_path/Frameworks";
				PRODUCT_BUNDLE_IDENTIFIER = "KKPCourierService.IOS-Client-Application";
				PRODUCT_NAME = "$(TARGET_NAME)";
				SWIFT_VERSION = 4.0;
				TARGETED_DEVICE_FAMILY = 1;
			};
			name = Release;
		};
/* End XCBuildConfiguration section */

/* Begin XCConfigurationList section */
		784896D3200A966D005626BB /* Build configuration list for PBXProject "IOS-Client-Application" */ = {
			isa = XCConfigurationList;
			buildConfigurations = (
				784896E8200A966D005626BB /* Debug */,
				784896E9200A966D005626BB /* Release */,
			);
			defaultConfigurationIsVisible = 0;
			defaultConfigurationName = Release;
		};
		784896EA200A966D005626BB /* Build configuration list for PBXNativeTarget "IOS-Client-Application" */ = {
			isa = XCConfigurationList;
			buildConfigurations = (
				784896EB200A966D005626BB /* Debug */,
				784896EC200A966D005626BB /* Release */,
			);
			defaultConfigurationIsVisible = 0;
			defaultConfigurationName = Release;
		};
/* End XCConfigurationList section */
	};
	rootObject = 784896D0200A966C005626BB /* Project object */;
}
